
Microsoft Visual Studio Solution File, Format Version 12.00
# Visual Studio Version 17
VisualStudioVersion = 17.0.31903.59
MinimumVisualStudioVersion = 10.0.40219.1
Project("{2150E333-8FDC-42A3-9474-1A3956D46DE8}") = "Services", "Services", "{B61C8ACE-1562-478F-B180-38F4859C3F55}"
EndProject
Project("{2150E333-8FDC-42A3-9474-1A3956D46DE8}") = "Infrastructure", "Infrastructure", "{5B23FA86-E01D-4220-B537-DF22A1568606}"
EndProject
Project("{FAE04EC0-301F-11D3-BF4B-00C04F79EFBC}") = "Common.Logging", "Infrastructure\Common.Logging\Common.Logging.csproj", "{1195F57D-B360-4E9C-87B1-0713E0480C21}"
EndProject
Project("{2150E333-8FDC-42A3-9474-1A3956D46DE8}") = "UserApp", "UserApp", "{B149F3BF-0428-44FC-829E-FB6AF839CA0A}"
EndProject
Project("{FAE04EC0-301F-11D3-BF4B-00C04F79EFBC}") = "UserApp.API", "Services\UserApp\UserApp.API\UserApp.API.csproj", "{57AFBAD5-2E36-4153-A983-59B5FD9D7DEB}"
EndProject
Project("{FAE04EC0-301F-11D3-BF4B-00C04F79EFBC}") = "UserApp.Application", "Services\UserApp\UserApp.Application\UserApp.Application.csproj", "{C686955F-DF77-40F5-9757-0231E6078CB3}"
EndProject
Project("{FAE04EC0-301F-11D3-BF4B-00C04F79EFBC}") = "UserApp.Core", "Services\UserApp\UserApp.Core\UserApp.Core.csproj", "{5B1D5B23-743E-464E-803E-9D88BA0101BF}"
EndProject
Project("{FAE04EC0-301F-11D3-BF4B-00C04F79EFBC}") = "UserApp.Infrastructure", "Services\UserApp\UserApp.Infrastructure\UserApp.Infrastructure.csproj", "{55FA0EFC-9710-408A-B0F8-D3C1174C24A1}"
EndProject
Project("{2150E333-8FDC-42A3-9474-1A3956D46DE8}") = "Student", "Student", "{D7AE0666-D28E-4DD7-B4C5-4C894AC6EE45}"
EndProject
Project("{FAE04EC0-301F-11D3-BF4B-00C04F79EFBC}") = "Student.Application", "Services\Student\Student.Application\Student.Application.csproj", "{D87BC408-F583-4DE3-AC67-E6986538C0FE}"
EndProject
Project("{FAE04EC0-301F-11D3-BF4B-00C04F79EFBC}") = "Student.Core", "Services\Student\Student.Core\Student.Core.csproj", "{5144EB4D-76FE-499C-B5BB-BC2C766E9E73}"
EndProject
Project("{FAE04EC0-301F-11D3-BF4B-00C04F79EFBC}") = "Student.Infrastructure", "Services\Student\Student.Infrastructure\Student.Infrastructure.csproj", "{45D1000C-BEFB-42A0-A77D-662D47DAC565}"
EndProject
Project("{FAE04EC0-301F-11D3-BF4B-00C04F79EFBC}") = "Student.API", "Services\Student\Student.API\Student.API.csproj", "{B43E188F-D3E7-495E-B28A-41FCB4DD9E56}"
EndProject
Project("{FAE04EC0-301F-11D3-BF4B-00C04F79EFBC}") = "Infrastructure.Common", "Infrastructure\Infrastructure.Common\Infrastructure.Common.csproj", "{D5BA432F-2745-40C5-B6C0-168051E3B0D2}"
EndProject
Project("{2150E333-8FDC-42A3-9474-1A3956D46DE8}") = "Teacher", "Teacher", "{B520F4AF-2387-40F4-B509-95BAFDAB86F4}"
EndProject
Project("{FAE04EC0-301F-11D3-BF4B-00C04F79EFBC}") = "Teacher.API", "Services\Teacher\Teacher.API\Teacher.API.csproj", "{12D9ADFD-2437-4938-B182-AB58B4FA22D9}"
EndProject
Project("{F184B08F-C81C-45F6-A57F-5ABD9991F28F}") = "Teacher.Application", "Services\Teacher\Teacher.Application\Teacher.Application.vbproj", "{60B8A946-967A-4CA8-AD5D-D33CB1C79EA4}"
EndProject
Project("{F184B08F-C81C-45F6-A57F-5ABD9991F28F}") = "Teacher.Core", "Services\Teacher\Teacher.Core\Teacher.Core.vbproj", "{917221E2-355A-4A24-91BF-669332EA1D8B}"
EndProject
Project("{F184B08F-C81C-45F6-A57F-5ABD9991F28F}") = "Teacher.Infrastructure", "Services\Teacher\Teacher.Infrastructure\Teacher.Infrastructure.vbproj", "{D124A0EE-0FC5-4474-B54A-757BD998D373}"
EndProject
Global
	GlobalSection(SolutionConfigurationPlatforms) = preSolution
		Debug|Any CPU = Debug|Any CPU
		Release|Any CPU = Release|Any CPU
	EndGlobalSection
	GlobalSection(ProjectConfigurationPlatforms) = postSolution
		{1195F57D-B360-4E9C-87B1-0713E0480C21}.Debug|Any CPU.ActiveCfg = Debug|Any CPU
		{1195F57D-B360-4E9C-87B1-0713E0480C21}.Debug|Any CPU.Build.0 = Debug|Any CPU
		{1195F57D-B360-4E9C-87B1-0713E0480C21}.Release|Any CPU.ActiveCfg = Release|Any CPU
		{1195F57D-B360-4E9C-87B1-0713E0480C21}.Release|Any CPU.Build.0 = Release|Any CPU
		{57AFBAD5-2E36-4153-A983-59B5FD9D7DEB}.Debug|Any CPU.ActiveCfg = Debug|Any CPU
		{57AFBAD5-2E36-4153-A983-59B5FD9D7DEB}.Debug|Any CPU.Build.0 = Debug|Any CPU
		{57AFBAD5-2E36-4153-A983-59B5FD9D7DEB}.Release|Any CPU.ActiveCfg = Release|Any CPU
		{57AFBAD5-2E36-4153-A983-59B5FD9D7DEB}.Release|Any CPU.Build.0 = Release|Any CPU
		{C686955F-DF77-40F5-9757-0231E6078CB3}.Debug|Any CPU.ActiveCfg = Debug|Any CPU
		{C686955F-DF77-40F5-9757-0231E6078CB3}.Debug|Any CPU.Build.0 = Debug|Any CPU
		{C686955F-DF77-40F5-9757-0231E6078CB3}.Release|Any CPU.ActiveCfg = Release|Any CPU
		{C686955F-DF77-40F5-9757-0231E6078CB3}.Release|Any CPU.Build.0 = Release|Any CPU
		{5B1D5B23-743E-464E-803E-9D88BA0101BF}.Debug|Any CPU.ActiveCfg = Debug|Any CPU
		{5B1D5B23-743E-464E-803E-9D88BA0101BF}.Debug|Any CPU.Build.0 = Debug|Any CPU
		{5B1D5B23-743E-464E-803E-9D88BA0101BF}.Release|Any CPU.ActiveCfg = Release|Any CPU
		{5B1D5B23-743E-464E-803E-9D88BA0101BF}.Release|Any CPU.Build.0 = Release|Any CPU
		{55FA0EFC-9710-408A-B0F8-D3C1174C24A1}.Debug|Any CPU.ActiveCfg = Debug|Any CPU
		{55FA0EFC-9710-408A-B0F8-D3C1174C24A1}.Debug|Any CPU.Build.0 = Debug|Any CPU
		{55FA0EFC-9710-408A-B0F8-D3C1174C24A1}.Release|Any CPU.ActiveCfg = Release|Any CPU
		{55FA0EFC-9710-408A-B0F8-D3C1174C24A1}.Release|Any CPU.Build.0 = Release|Any CPU
		{D87BC408-F583-4DE3-AC67-E6986538C0FE}.Debug|Any CPU.ActiveCfg = Debug|Any CPU
		{D87BC408-F583-4DE3-AC67-E6986538C0FE}.Debug|Any CPU.Build.0 = Debug|Any CPU
		{D87BC408-F583-4DE3-AC67-E6986538C0FE}.Release|Any CPU.ActiveCfg = Release|Any CPU
		{D87BC408-F583-4DE3-AC67-E6986538C0FE}.Release|Any CPU.Build.0 = Release|Any CPU
		{5144EB4D-76FE-499C-B5BB-BC2C766E9E73}.Debug|Any CPU.ActiveCfg = Debug|Any CPU
		{5144EB4D-76FE-499C-B5BB-BC2C766E9E73}.Debug|Any CPU.Build.0 = Debug|Any CPU
		{5144EB4D-76FE-499C-B5BB-BC2C766E9E73}.Release|Any CPU.ActiveCfg = Release|Any CPU
		{5144EB4D-76FE-499C-B5BB-BC2C766E9E73}.Release|Any CPU.Build.0 = Release|Any CPU
		{45D1000C-BEFB-42A0-A77D-662D47DAC565}.Debug|Any CPU.ActiveCfg = Debug|Any CPU
		{45D1000C-BEFB-42A0-A77D-662D47DAC565}.Debug|Any CPU.Build.0 = Debug|Any CPU
		{45D1000C-BEFB-42A0-A77D-662D47DAC565}.Release|Any CPU.ActiveCfg = Release|Any CPU
		{45D1000C-BEFB-42A0-A77D-662D47DAC565}.Release|Any CPU.Build.0 = Release|Any CPU
		{B43E188F-D3E7-495E-B28A-41FCB4DD9E56}.Debug|Any CPU.ActiveCfg = Debug|Any CPU
		{B43E188F-D3E7-495E-B28A-41FCB4DD9E56}.Debug|Any CPU.Build.0 = Debug|Any CPU
		{B43E188F-D3E7-495E-B28A-41FCB4DD9E56}.Release|Any CPU.ActiveCfg = Release|Any CPU
		{B43E188F-D3E7-495E-B28A-41FCB4DD9E56}.Release|Any CPU.Build.0 = Release|Any CPU
		{D5BA432F-2745-40C5-B6C0-168051E3B0D2}.Debug|Any CPU.ActiveCfg = Debug|Any CPU
		{D5BA432F-2745-40C5-B6C0-168051E3B0D2}.Debug|Any CPU.Build.0 = Debug|Any CPU
		{D5BA432F-2745-40C5-B6C0-168051E3B0D2}.Release|Any CPU.ActiveCfg = Release|Any CPU
		{D5BA432F-2745-40C5-B6C0-168051E3B0D2}.Release|Any CPU.Build.0 = Release|Any CPU
		{12D9ADFD-2437-4938-B182-AB58B4FA22D9}.Debug|Any CPU.ActiveCfg = Debug|Any CPU
		{12D9ADFD-2437-4938-B182-AB58B4FA22D9}.Debug|Any CPU.Build.0 = Debug|Any CPU
		{12D9ADFD-2437-4938-B182-AB58B4FA22D9}.Release|Any CPU.ActiveCfg = Release|Any CPU
		{12D9ADFD-2437-4938-B182-AB58B4FA22D9}.Release|Any CPU.Build.0 = Release|Any CPU
		{60B8A946-967A-4CA8-AD5D-D33CB1C79EA4}.Debug|Any CPU.ActiveCfg = Debug|Any CPU
		{60B8A946-967A-4CA8-AD5D-D33CB1C79EA4}.Debug|Any CPU.Build.0 = Debug|Any CPU
		{60B8A946-967A-4CA8-AD5D-D33CB1C79EA4}.Release|Any CPU.ActiveCfg = Release|Any CPU
		{60B8A946-967A-4CA8-AD5D-D33CB1C79EA4}.Release|Any CPU.Build.0 = Release|Any CPU
		{917221E2-355A-4A24-91BF-669332EA1D8B}.Debug|Any CPU.ActiveCfg = Debug|Any CPU
		{917221E2-355A-4A24-91BF-669332EA1D8B}.Debug|Any CPU.Build.0 = Debug|Any CPU
		{917221E2-355A-4A24-91BF-669332EA1D8B}.Release|Any CPU.ActiveCfg = Release|Any CPU
		{917221E2-355A-4A24-91BF-669332EA1D8B}.Release|Any CPU.Build.0 = Release|Any CPU
		{D124A0EE-0FC5-4474-B54A-757BD998D373}.Debug|Any CPU.ActiveCfg = Debug|Any CPU
		{D124A0EE-0FC5-4474-B54A-757BD998D373}.Debug|Any CPU.Build.0 = Debug|Any CPU
		{D124A0EE-0FC5-4474-B54A-757BD998D373}.Release|Any CPU.ActiveCfg = Release|Any CPU
		{D124A0EE-0FC5-4474-B54A-757BD998D373}.Release|Any CPU.Build.0 = Release|Any CPU
	EndGlobalSection
	GlobalSection(SolutionProperties) = preSolution
		HideSolutionNode = FALSE
	EndGlobalSection
	GlobalSection(NestedProjects) = preSolution
		{1195F57D-B360-4E9C-87B1-0713E0480C21} = {5B23FA86-E01D-4220-B537-DF22A1568606}
		{B149F3BF-0428-44FC-829E-FB6AF839CA0A} = {B61C8ACE-1562-478F-B180-38F4859C3F55}
		{57AFBAD5-2E36-4153-A983-59B5FD9D7DEB} = {B149F3BF-0428-44FC-829E-FB6AF839CA0A}
		{C686955F-DF77-40F5-9757-0231E6078CB3} = {B149F3BF-0428-44FC-829E-FB6AF839CA0A}
		{5B1D5B23-743E-464E-803E-9D88BA0101BF} = {B149F3BF-0428-44FC-829E-FB6AF839CA0A}
		{55FA0EFC-9710-408A-B0F8-D3C1174C24A1} = {B149F3BF-0428-44FC-829E-FB6AF839CA0A}
		{D7AE0666-D28E-4DD7-B4C5-4C894AC6EE45} = {B61C8ACE-1562-478F-B180-38F4859C3F55}
		{D87BC408-F583-4DE3-AC67-E6986538C0FE} = {D7AE0666-D28E-4DD7-B4C5-4C894AC6EE45}
		{5144EB4D-76FE-499C-B5BB-BC2C766E9E73} = {D7AE0666-D28E-4DD7-B4C5-4C894AC6EE45}
		{45D1000C-BEFB-42A0-A77D-662D47DAC565} = {D7AE0666-D28E-4DD7-B4C5-4C894AC6EE45}
		{B43E188F-D3E7-495E-B28A-41FCB4DD9E56} = {D7AE0666-D28E-4DD7-B4C5-4C894AC6EE45}
		{D5BA432F-2745-40C5-B6C0-168051E3B0D2} = {5B23FA86-E01D-4220-B537-DF22A1568606}
		{B520F4AF-2387-40F4-B509-95BAFDAB86F4} = {B61C8ACE-1562-478F-B180-38F4859C3F55}
		{12D9ADFD-2437-4938-B182-AB58B4FA22D9} = {B520F4AF-2387-40F4-B509-95BAFDAB86F4}
		{60B8A946-967A-4CA8-AD5D-D33CB1C79EA4} = {B520F4AF-2387-40F4-B509-95BAFDAB86F4}
		{917221E2-355A-4A24-91BF-669332EA1D8B} = {B520F4AF-2387-40F4-B509-95BAFDAB86F4}
		{D124A0EE-0FC5-4474-B54A-757BD998D373} = {B520F4AF-2387-40F4-B509-95BAFDAB86F4}
	EndGlobalSection
EndGlobal
